
Microsoft Visual Studio Solution File, Format Version 12.00
# Visual Studio Version 17
VisualStudioVersion = 17.5.33516.290
MinimumVisualStudioVersion = 10.0.40219.1
Project("{FAE04EC0-301F-11D3-BF4B-00C04F79EFBC}") = "lab11.Android", "lab11\lab11.Android\lab11.Android.csproj", "{34A6DCC1-9E25-48CE-8A18-5EDDFD465A93}"
EndProject
Project("{FAE04EC0-301F-11D3-BF4B-00C04F79EFBC}") = "lab11.iOS", "lab11\lab11.iOS\lab11.iOS.csproj", "{40B10DC8-C572-47F8-AACC-5A8DD63B2A4B}"
EndProject
Project("{FAE04EC0-301F-11D3-BF4B-00C04F79EFBC}") = "lab11", "lab11\lab11\lab11.csproj", "{4DA928AA-F9F8-4EF4-9503-4BA37E0D3739}"
EndProject
Global
	GlobalSection(SolutionConfigurationPlatforms) = preSolution
		Debug|Any CPU = Debug|Any CPU
		Debug|iPhone = Debug|iPhone
		Debug|iPhoneSimulator = Debug|iPhoneSimulator
		Release|Any CPU = Release|Any CPU
		Release|iPhone = Release|iPhone
		Release|iPhoneSimulator = Release|iPhoneSimulator
	EndGlobalSection
	GlobalSection(ProjectConfigurationPlatforms) = postSolution
		{34A6DCC1-9E25-48CE-8A18-5EDDFD465A93}.Debug|Any CPU.ActiveCfg = Debug|Any CPU
		{34A6DCC1-9E25-48CE-8A18-5EDDFD465A93}.Debug|Any CPU.Build.0 = Debug|Any CPU
		{34A6DCC1-9E25-48CE-8A18-5EDDFD465A93}.Debug|Any CPU.Deploy.0 = Debug|Any CPU
		{34A6DCC1-9E25-48CE-8A18-5EDDFD465A93}.Debug|iPhone.ActiveCfg = Debug|Any CPU
		{34A6DCC1-9E25-48CE-8A18-5EDDFD465A93}.Debug|iPhone.Build.0 = Debug|Any CPU
		{34A6DCC1-9E25-48CE-8A18-5EDDFD465A93}.Debug|iPhone.Deploy.0 = Debug|Any CPU
		{34A6DCC1-9E25-48CE-8A18-5EDDFD465A93}.Debug|iPhoneSimulator.ActiveCfg = Debug|Any CPU
		{34A6DCC1-9E25-48CE-8A18-5EDDFD465A93}.Debug|iPhoneSimulator.Build.0 = Debug|Any CPU
		{34A6DCC1-9E25-48CE-8A18-5EDDFD465A93}.Debug|iPhoneSimulator.Deploy.0 = Debug|Any CPU
		{34A6DCC1-9E25-48CE-8A18-5EDDFD465A93}.Release|Any CPU.ActiveCfg = Release|Any CPU
		{34A6DCC1-9E25-48CE-8A18-5EDDFD465A93}.Release|Any CPU.Build.0 = Release|Any CPU
		{34A6DCC1-9E25-48CE-8A18-5EDDFD465A93}.Release|Any CPU.Deploy.0 = Release|Any CPU
		{34A6DCC1-9E25-48CE-8A18-5EDDFD465A93}.Release|iPhone.ActiveCfg = Release|Any CPU
		{34A6DCC1-9E25-48CE-8A18-5EDDFD465A93}.Release|iPhone.Build.0 = Release|Any CPU
		{34A6DCC1-9E25-48CE-8A18-5EDDFD465A93}.Release|iPhone.Deploy.0 = Release|Any CPU
		{34A6DCC1-9E25-48CE-8A18-5EDDFD465A93}.Release|iPhoneSimulator.ActiveCfg = Release|Any CPU
		{34A6DCC1-9E25-48CE-8A18-5EDDFD465A93}.Release|iPhoneSimulator.Build.0 = Release|Any CPU
		{34A6DCC1-9E25-48CE-8A18-5EDDFD465A93}.Release|iPhoneSimulator.Deploy.0 = Release|Any CPU
		{40B10DC8-C572-47F8-AACC-5A8DD63B2A4B}.Debug|Any CPU.ActiveCfg = Debug|iPhone
		{40B10DC8-C572-47F8-AACC-5A8DD63B2A4B}.Debug|Any CPU.Build.0 = Debug|iPhone
		{40B10DC8-C572-47F8-AACC-5A8DD63B2A4B}.Debug|Any CPU.Deploy.0 = Debug|iPhone
		{40B10DC8-C572-47F8-AACC-5A8DD63B2A4B}.Debug|iPhone.ActiveCfg = Debug|iPhone
		{40B10DC8-C572-47F8-AACC-5A8DD63B2A4B}.Debug|iPhone.Build.0 = Debug|iPhone
		{40B10DC8-C572-47F8-AACC-5A8DD63B2A4B}.Debug|iPhone.Deploy.0 = Debug|iPhone
		{40B10DC8-C572-47F8-AACC-5A8DD63B2A4B}.Debug|iPhoneSimulator.ActiveCfg = Debug|iPhoneSimulator
		{40B10DC8-C572-47F8-AACC-5A8DD63B2A4B}.Debug|iPhoneSimulator.Build.0 = Debug|iPhoneSimulator
		{40B10DC8-C572-47F8-AACC-5A8DD63B2A4B}.Debug|iPhoneSimulator.Deploy.0 = Debug|iPhoneSimulator
		{40B10DC8-C572-47F8-AACC-5A8DD63B2A4B}.Release|Any CPU.ActiveCfg = Release|iPhoneSimulator
		{40B10DC8-C572-47F8-AACC-5A8DD63B2A4B}.Release|Any CPU.Build.0 = Release|iPhoneSimulator
		{40B10DC8-C572-47F8-AACC-5A8DD63B2A4B}.Release|Any CPU.Deploy.0 = Release|iPhoneSimulator
		{40B10DC8-C572-47F8-AACC-5A8DD63B2A4B}.Release|iPhone.ActiveCfg = Release|iPhone
		{40B10DC8-C572-47F8-AACC-5A8DD63B2A4B}.Release|iPhone.Build.0 = Release|iPhone
		{40B10DC8-C572-47F8-AACC-5A8DD63B2A4B}.Release|iPhone.Deploy.0 = Release|iPhone
		{40B10DC8-C572-47F8-AACC-5A8DD63B2A4B}.Release|iPhoneSimulator.ActiveCfg = Release|iPhoneSimulator
		{40B10DC8-C572-47F8-AACC-5A8DD63B2A4B}.Release|iPhoneSimulator.Build.0 = Release|iPhoneSimulator
		{40B10DC8-C572-47F8-AACC-5A8DD63B2A4B}.Release|iPhoneSimulator.Deploy.0 = Release|iPhoneSimulator
		{4DA928AA-F9F8-4EF4-9503-4BA37E0D3739}.Debug|Any CPU.ActiveCfg = Debug|Any CPU
		{4DA928AA-F9F8-4EF4-9503-4BA37E0D3739}.Debug|Any CPU.Build.0 = Debug|Any CPU
		{4DA928AA-F9F8-4EF4-9503-4BA37E0D3739}.Debug|Any CPU.Deploy.0 = Debug|Any CPU
		{4DA928AA-F9F8-4EF4-9503-4BA37E0D3739}.Debug|iPhone.ActiveCfg = Debug|Any CPU
		{4DA928AA-F9F8-4EF4-9503-4BA37E0D3739}.Debug|iPhone.Build.0 = Debug|Any CPU
		{4DA928AA-F9F8-4EF4-9503-4BA37E0D3739}.Debug|iPhone.Deploy.0 = Debug|Any CPU
		{4DA928AA-F9F8-4EF4-9503-4BA37E0D3739}.Debug|iPhoneSimulator.ActiveCfg = Debug|Any CPU
		{4DA928AA-F9F8-4EF4-9503-4BA37E0D3739}.Debug|iPhoneSimulator.Build.0 = Debug|Any CPU
		{4DA928AA-F9F8-4EF4-9503-4BA37E0D3739}.Debug|iPhoneSimulator.Deploy.0 = Debug|Any CPU
		{4DA928AA-F9F8-4EF4-9503-4BA37E0D3739}.Release|Any CPU.ActiveCfg = Release|Any CPU
		{4DA928AA-F9F8-4EF4-9503-4BA37E0D3739}.Release|Any CPU.Build.0 = Release|Any CPU
		{4DA928AA-F9F8-4EF4-9503-4BA37E0D3739}.Release|Any CPU.Deploy.0 = Release|Any CPU
		{4DA928AA-F9F8-4EF4-9503-4BA37E0D3739}.Release|iPhone.ActiveCfg = Release|Any CPU
		{4DA928AA-F9F8-4EF4-9503-4BA37E0D3739}.Release|iPhone.Build.0 = Release|Any CPU
		{4DA928AA-F9F8-4EF4-9503-4BA37E0D3739}.Release|iPhone.Deploy.0 = Release|Any CPU
		{4DA928AA-F9F8-4EF4-9503-4BA37E0D3739}.Release|iPhoneSimulator.ActiveCfg = Release|Any CPU
		{4DA928AA-F9F8-4EF4-9503-4BA37E0D3739}.Release|iPhoneSimulator.Build.0 = Release|Any CPU
		{4DA928AA-F9F8-4EF4-9503-4BA37E0D3739}.Release|iPhoneSimulator.Deploy.0 = Release|Any CPU
	EndGlobalSection
	GlobalSection(SolutionProperties) = preSolution
		HideSolutionNode = FALSE
	EndGlobalSection
	GlobalSection(ExtensibilityGlobals) = postSolution
		SolutionGuid = {967F15FA-7734-431E-8BBA-FA0EC428E6E4}
	EndGlobalSection
EndGlobal
